
Microsoft Visual Studio Solution File, Format Version 12.00
# Visual Studio Version 17
VisualStudioVersion = 17.9.34616.47
MinimumVisualStudioVersion = 10.0.40219.1
Project("{8BC9CEB8-8B4A-11D0-8D11-00A0C91BC942}") = "pointer dan friend pemdas", "pointer dan friend pemdas\pointer dan friend pemdas.vcxproj", "{E81994D1-855A-4120-9B73-A4AB4A754E12}"
EndProject
Project("{8BC9CEB8-8B4A-11D0-8D11-00A0C91BC942}") = "pointer 2", "pointer 2\pointer 2.vcxproj", "{A1F68207-67E6-4C61-B216-5D186AD6510C}"
EndProject
Global
	GlobalSection(SolutionConfigurationPlatforms) = preSolution
		Debug|x64 = Debug|x64
		Debug|x86 = Debug|x86
		Release|x64 = Release|x64
		Release|x86 = Release|x86
	EndGlobalSection
	GlobalSection(ProjectConfigurationPlatforms) = postSolution
		{E81994D1-855A-4120-9B73-A4AB4A754E12}.Debug|x64.ActiveCfg = Debug|x64
		{E81994D1-855A-4120-9B73-A4AB4A754E12}.Debug|x64.Build.0 = Debug|x64
		{E81994D1-855A-4120-9B73-A4AB4A754E12}.Debug|x86.ActiveCfg = Debug|Win32
		{E81994D1-855A-4120-9B73-A4AB4A754E12}.Debug|x86.Build.0 = Debug|Win32
		{E81994D1-855A-4120-9B73-A4AB4A754E12}.Release|x64.ActiveCfg = Release|x64
		{E81994D1-855A-4120-9B73-A4AB4A754E12}.Release|x64.Build.0 = Release|x64
		{E81994D1-855A-4120-9B73-A4AB4A754E12}.Release|x86.ActiveCfg = Release|Win32
		{E81994D1-855A-4120-9B73-A4AB4A754E12}.Release|x86.Build.0 = Release|Win32
		{A1F68207-67E6-4C61-B216-5D186AD6510C}.Debug|x64.ActiveCfg = Debug|x64
		{A1F68207-67E6-4C61-B216-5D186AD6510C}.Debug|x64.Build.0 = Debug|x64
		{A1F68207-67E6-4C61-B216-5D186AD6510C}.Debug|x86.ActiveCfg = Debug|Win32
		{A1F68207-67E6-4C61-B216-5D186AD6510C}.Debug|x86.Build.0 = Debug|Win32
		{A1F68207-67E6-4C61-B216-5D186AD6510C}.Release|x64.ActiveCfg = Release|x64
		{A1F68207-67E6-4C61-B216-5D186AD6510C}.Release|x64.Build.0 = Release|x64
		{A1F68207-67E6-4C61-B216-5D186AD6510C}.Release|x86.ActiveCfg = Release|Win32
		{A1F68207-67E6-4C61-B216-5D186AD6510C}.Release|x86.Build.0 = Release|Win32
	EndGlobalSection
	GlobalSection(SolutionProperties) = preSolution
		HideSolutionNode = FALSE
	EndGlobalSection
	GlobalSection(ExtensibilityGlobals) = postSolution
		SolutionGuid = {7470B9D3-7A7E-4F93-8262-F30E8C094C84}
	EndGlobalSection
EndGlobal
